
Microsoft Visual Studio Solution File, Format Version 12.00
# Visual Studio Version 16
VisualStudioVersion = 16.0.31205.134
MinimumVisualStudioVersion = 10.0.40219.1
Project("{2150E333-8FDC-42A3-9474-1A3956D46DE8}") = "src", "src", "{A6D4A9EE-C762-47A7-AF51-E8292FC10065}"
EndProject
Project("{2150E333-8FDC-42A3-9474-1A3956D46DE8}") = "Building Blocks", "Building Blocks", "{23D1271A-F4E7-4700-81A8-DA044699246F}"
EndProject
Project("{2150E333-8FDC-42A3-9474-1A3956D46DE8}") = "Services", "Services", "{DEFF55F8-6E02-40AE-A9CE-660705183F2F}"
EndProject
Project("{2150E333-8FDC-42A3-9474-1A3956D46DE8}") = "Web", "Web", "{1F2FCAF6-A50C-48F3-A6C9-081AD76DBB05}"
EndProject
Project("{2150E333-8FDC-42A3-9474-1A3956D46DE8}") = "Identidade", "Identidade", "{E7A6A562-DE36-4AE1-8717-3034B0FF671A}"
EndProject
Project("{9A19103F-16F7-4668-BE54-9A1E7A4F7556}") = "NSE.Identidade.API", "src\services\NSE.Identidade.API\NSE.Identidade.API.csproj", "{F97A9B1E-96AC-47B7-B576-B770F2C6BBFA}"
EndProject
Project("{2150E333-8FDC-42A3-9474-1A3956D46DE8}") = "MVC", "MVC", "{DFB29F2E-ED1F-4872-ADDB-C51B62560886}"
EndProject
Project("{9A19103F-16F7-4668-BE54-9A1E7A4F7556}") = "NSE.WebApp.MVC", "src\web\NSE.WebApp.MVC\NSE.WebApp.MVC.csproj", "{4E939ECF-028F-48E2-BE9D-98842B9EE76A}"
EndProject
Project("{2150E333-8FDC-42A3-9474-1A3956D46DE8}") = "Core", "Core", "{4F22C419-CF80-45A5-9508-07652DD87CF8}"
EndProject
Project("{9A19103F-16F7-4668-BE54-9A1E7A4F7556}") = "NSE.Core", "src\building blocks\NSE.Core\NSE.Core.csproj", "{104E229A-A9CF-4998-A51D-FB495C6474E0}"
EndProject
Project("{2150E333-8FDC-42A3-9474-1A3956D46DE8}") = "Carrinho", "Carrinho", "{210951F8-2EBD-4B16-A9EB-38719DC7FB93}"
EndProject
Project("{2150E333-8FDC-42A3-9474-1A3956D46DE8}") = "Catalogo", "Catalogo", "{2FB58260-9FCC-4EEF-AF6A-6F87EA10A094}"
EndProject
Project("{2150E333-8FDC-42A3-9474-1A3956D46DE8}") = "Cliente", "Cliente", "{D8843BE8-DB2F-4366-A760-771840F4BFD6}"
EndProject
Project("{2150E333-8FDC-42A3-9474-1A3956D46DE8}") = "Pagamento", "Pagamento", "{C829E62A-54F3-4953-A478-3DB36A8F6DC4}"
EndProject
Project("{2150E333-8FDC-42A3-9474-1A3956D46DE8}") = "Pedido", "Pedido", "{8DFE5828-87FC-46EF-AEAA-35EB32530E13}"
EndProject
Project("{9A19103F-16F7-4668-BE54-9A1E7A4F7556}") = "NSE.Carrinho.API", "src\services\NSE.Carrinho.API\NSE.Carrinho.API.csproj", "{A8928A81-505D-44FF-88FA-A1A46C0D14A6}"
EndProject
Project("{9A19103F-16F7-4668-BE54-9A1E7A4F7556}") = "NSE.Catalogo.API", "src\services\NSE.Catalogo.API\NSE.Catalogo.API.csproj", "{EC732098-CFD4-4B3B-9429-18A746FF6764}"
EndProject
Project("{9A19103F-16F7-4668-BE54-9A1E7A4F7556}") = "NSE.Cliente.API", "src\services\NSE.Cliente.API\NSE.Cliente.API.csproj", "{7FFBC705-1151-4D79-A937-4BFD1E304E0E}"
EndProject
Project("{9A19103F-16F7-4668-BE54-9A1E7A4F7556}") = "NSE.Pagamento.API", "src\services\NSE.Pagamento.API\NSE.Pagamento.API.csproj", "{D7626A8A-5085-4852-BBED-C24B6987FFE0}"
EndProject
Project("{9A19103F-16F7-4668-BE54-9A1E7A4F7556}") = "NSE.Pedido.API", "src\services\NSE.Pedido.API\NSE.Pedido.API.csproj", "{113D383A-43F2-459B-BB4A-821109AC747B}"
EndProject
Project("{2150E333-8FDC-42A3-9474-1A3956D46DE8}") = "Services", "Services", "{30EFEE60-4497-45B0-A4E5-52935BAF8A12}"
EndProject
Project("{FAE04EC0-301F-11D3-BF4B-00C04F79EFBC}") = "NSE.WebAPI.Core", "src\building blocks\NSE.WebAPI.Core\NSE.WebAPI.Core.csproj", "{14A648E5-7CF3-4EAF-A9C8-40D3416518D9}"
EndProject
Global
	GlobalSection(SolutionConfigurationPlatforms) = preSolution
		Debug|Any CPU = Debug|Any CPU
		Release|Any CPU = Release|Any CPU
	EndGlobalSection
	GlobalSection(ProjectConfigurationPlatforms) = postSolution
		{F97A9B1E-96AC-47B7-B576-B770F2C6BBFA}.Debug|Any CPU.ActiveCfg = Debug|Any CPU
		{F97A9B1E-96AC-47B7-B576-B770F2C6BBFA}.Debug|Any CPU.Build.0 = Debug|Any CPU
		{F97A9B1E-96AC-47B7-B576-B770F2C6BBFA}.Release|Any CPU.ActiveCfg = Release|Any CPU
		{F97A9B1E-96AC-47B7-B576-B770F2C6BBFA}.Release|Any CPU.Build.0 = Release|Any CPU
		{4E939ECF-028F-48E2-BE9D-98842B9EE76A}.Debug|Any CPU.ActiveCfg = Debug|Any CPU
		{4E939ECF-028F-48E2-BE9D-98842B9EE76A}.Debug|Any CPU.Build.0 = Debug|Any CPU
		{4E939ECF-028F-48E2-BE9D-98842B9EE76A}.Release|Any CPU.ActiveCfg = Release|Any CPU
		{4E939ECF-028F-48E2-BE9D-98842B9EE76A}.Release|Any CPU.Build.0 = Release|Any CPU
		{104E229A-A9CF-4998-A51D-FB495C6474E0}.Debug|Any CPU.ActiveCfg = Debug|Any CPU
		{104E229A-A9CF-4998-A51D-FB495C6474E0}.Debug|Any CPU.Build.0 = Debug|Any CPU
		{104E229A-A9CF-4998-A51D-FB495C6474E0}.Release|Any CPU.ActiveCfg = Release|Any CPU
		{104E229A-A9CF-4998-A51D-FB495C6474E0}.Release|Any CPU.Build.0 = Release|Any CPU
		{A8928A81-505D-44FF-88FA-A1A46C0D14A6}.Debug|Any CPU.ActiveCfg = Debug|Any CPU
		{A8928A81-505D-44FF-88FA-A1A46C0D14A6}.Debug|Any CPU.Build.0 = Debug|Any CPU
		{A8928A81-505D-44FF-88FA-A1A46C0D14A6}.Release|Any CPU.ActiveCfg = Release|Any CPU
		{A8928A81-505D-44FF-88FA-A1A46C0D14A6}.Release|Any CPU.Build.0 = Release|Any CPU
		{EC732098-CFD4-4B3B-9429-18A746FF6764}.Debug|Any CPU.ActiveCfg = Debug|Any CPU
		{EC732098-CFD4-4B3B-9429-18A746FF6764}.Debug|Any CPU.Build.0 = Debug|Any CPU
		{EC732098-CFD4-4B3B-9429-18A746FF6764}.Release|Any CPU.ActiveCfg = Release|Any CPU
		{EC732098-CFD4-4B3B-9429-18A746FF6764}.Release|Any CPU.Build.0 = Release|Any CPU
		{7FFBC705-1151-4D79-A937-4BFD1E304E0E}.Debug|Any CPU.ActiveCfg = Debug|Any CPU
		{7FFBC705-1151-4D79-A937-4BFD1E304E0E}.Debug|Any CPU.Build.0 = Debug|Any CPU
		{7FFBC705-1151-4D79-A937-4BFD1E304E0E}.Release|Any CPU.ActiveCfg = Release|Any CPU
		{7FFBC705-1151-4D79-A937-4BFD1E304E0E}.Release|Any CPU.Build.0 = Release|Any CPU
		{D7626A8A-5085-4852-BBED-C24B6987FFE0}.Debug|Any CPU.ActiveCfg = Debug|Any CPU
		{D7626A8A-5085-4852-BBED-C24B6987FFE0}.Debug|Any CPU.Build.0 = Debug|Any CPU
		{D7626A8A-5085-4852-BBED-C24B6987FFE0}.Release|Any CPU.ActiveCfg = Release|Any CPU
		{D7626A8A-5085-4852-BBED-C24B6987FFE0}.Release|Any CPU.Build.0 = Release|Any CPU
		{113D383A-43F2-459B-BB4A-821109AC747B}.Debug|Any CPU.ActiveCfg = Debug|Any CPU
		{113D383A-43F2-459B-BB4A-821109AC747B}.Debug|Any CPU.Build.0 = Debug|Any CPU
		{113D383A-43F2-459B-BB4A-821109AC747B}.Release|Any CPU.ActiveCfg = Release|Any CPU
		{113D383A-43F2-459B-BB4A-821109AC747B}.Release|Any CPU.Build.0 = Release|Any CPU
		{14A648E5-7CF3-4EAF-A9C8-40D3416518D9}.Debug|Any CPU.ActiveCfg = Debug|Any CPU
		{14A648E5-7CF3-4EAF-A9C8-40D3416518D9}.Debug|Any CPU.Build.0 = Debug|Any CPU
		{14A648E5-7CF3-4EAF-A9C8-40D3416518D9}.Release|Any CPU.ActiveCfg = Release|Any CPU
		{14A648E5-7CF3-4EAF-A9C8-40D3416518D9}.Release|Any CPU.Build.0 = Release|Any CPU
	EndGlobalSection
	GlobalSection(SolutionProperties) = preSolution
		HideSolutionNode = FALSE
	EndGlobalSection
	GlobalSection(NestedProjects) = preSolution
		{23D1271A-F4E7-4700-81A8-DA044699246F} = {A6D4A9EE-C762-47A7-AF51-E8292FC10065}
		{DEFF55F8-6E02-40AE-A9CE-660705183F2F} = {A6D4A9EE-C762-47A7-AF51-E8292FC10065}
		{1F2FCAF6-A50C-48F3-A6C9-081AD76DBB05} = {A6D4A9EE-C762-47A7-AF51-E8292FC10065}
		{E7A6A562-DE36-4AE1-8717-3034B0FF671A} = {DEFF55F8-6E02-40AE-A9CE-660705183F2F}
		{F97A9B1E-96AC-47B7-B576-B770F2C6BBFA} = {E7A6A562-DE36-4AE1-8717-3034B0FF671A}
		{DFB29F2E-ED1F-4872-ADDB-C51B62560886} = {1F2FCAF6-A50C-48F3-A6C9-081AD76DBB05}
		{4E939ECF-028F-48E2-BE9D-98842B9EE76A} = {DFB29F2E-ED1F-4872-ADDB-C51B62560886}
		{4F22C419-CF80-45A5-9508-07652DD87CF8} = {23D1271A-F4E7-4700-81A8-DA044699246F}
		{104E229A-A9CF-4998-A51D-FB495C6474E0} = {4F22C419-CF80-45A5-9508-07652DD87CF8}
		{210951F8-2EBD-4B16-A9EB-38719DC7FB93} = {DEFF55F8-6E02-40AE-A9CE-660705183F2F}
		{2FB58260-9FCC-4EEF-AF6A-6F87EA10A094} = {DEFF55F8-6E02-40AE-A9CE-660705183F2F}
		{D8843BE8-DB2F-4366-A760-771840F4BFD6} = {DEFF55F8-6E02-40AE-A9CE-660705183F2F}
		{C829E62A-54F3-4953-A478-3DB36A8F6DC4} = {DEFF55F8-6E02-40AE-A9CE-660705183F2F}
		{8DFE5828-87FC-46EF-AEAA-35EB32530E13} = {DEFF55F8-6E02-40AE-A9CE-660705183F2F}
		{A8928A81-505D-44FF-88FA-A1A46C0D14A6} = {210951F8-2EBD-4B16-A9EB-38719DC7FB93}
		{EC732098-CFD4-4B3B-9429-18A746FF6764} = {2FB58260-9FCC-4EEF-AF6A-6F87EA10A094}
		{7FFBC705-1151-4D79-A937-4BFD1E304E0E} = {D8843BE8-DB2F-4366-A760-771840F4BFD6}
		{D7626A8A-5085-4852-BBED-C24B6987FFE0} = {C829E62A-54F3-4953-A478-3DB36A8F6DC4}
		{113D383A-43F2-459B-BB4A-821109AC747B} = {8DFE5828-87FC-46EF-AEAA-35EB32530E13}
		{30EFEE60-4497-45B0-A4E5-52935BAF8A12} = {23D1271A-F4E7-4700-81A8-DA044699246F}
		{14A648E5-7CF3-4EAF-A9C8-40D3416518D9} = {30EFEE60-4497-45B0-A4E5-52935BAF8A12}
	EndGlobalSection
	GlobalSection(ExtensibilityGlobals) = postSolution
		SolutionGuid = {5B04BC1F-296A-4A90-8C3C-99CEBB295732}
	EndGlobalSection
EndGlobal
